
Microsoft Visual Studio Solution File, Format Version 12.00
# Visual Studio Version 17
VisualStudioVersion = 17.7.34031.279
MinimumVisualStudioVersion = 10.0.40219.1
Project("{FAE04EC0-301F-11D3-BF4B-00C04F79EFBC}") = "ejercicio5Bucles", "ejercicio5Bucles.csproj", "{D4B28C18-CC76-44FD-AAB9-56C884935E2E}"
EndProject
Global
	GlobalSection(SolutionConfigurationPlatforms) = preSolution
		Debug|Any CPU = Debug|Any CPU
		Release|Any CPU = Release|Any CPU
	EndGlobalSection
	GlobalSection(ProjectConfigurationPlatforms) = postSolution
		{D4B28C18-CC76-44FD-AAB9-56C884935E2E}.Debug|Any CPU.ActiveCfg = Debug|Any CPU
		{D4B28C18-CC76-44FD-AAB9-56C884935E2E}.Debug|Any CPU.Build.0 = Debug|Any CPU
		{D4B28C18-CC76-44FD-AAB9-56C884935E2E}.Release|Any CPU.ActiveCfg = Release|Any CPU
		{D4B28C18-CC76-44FD-AAB9-56C884935E2E}.Release|Any CPU.Build.0 = Release|Any CPU
	EndGlobalSection
	GlobalSection(SolutionProperties) = preSolution
		HideSolutionNode = FALSE
	EndGlobalSection
	GlobalSection(ExtensibilityGlobals) = postSolution
		SolutionGuid = {52B8F5C6-3D4F-4F6E-922D-C20434C86745}
	EndGlobalSection
EndGlobal
